
Microsoft Visual Studio Solution File, Format Version 12.00
# Visual Studio Version 17
VisualStudioVersion = 17.0.31903.59
MinimumVisualStudioVersion = 10.0.40219.1
Project("{FAE04EC0-301F-11D3-BF4B-00C04F79EFBC}") = "ChangeString", "ChangeString\ChangeString.csproj", "{AEB9BD9B-082C-4F5C-B695-3657E8D73762}"
EndProject
Project("{FAE04EC0-301F-11D3-BF4B-00C04F79EFBC}") = "ArraySums", "ArraySums\ArraySums.csproj", "{F8278CA9-E274-4233-B747-7F9C7A1FF775}"
EndProject
Project("{FAE04EC0-301F-11D3-BF4B-00C04F79EFBC}") = "PlayerPerks", "PlayerPerks\PlayerPerks.csproj", "{EB73505E-C680-4DA6-B737-F7BC2D829B65}"
EndProject
Project("{FAE04EC0-301F-11D3-BF4B-00C04F79EFBC}") = "GitBranching", "GitBranching\GitBranching.csproj", "{C8852652-4DDB-403A-BBC8-CE4603355E8D}"
EndProject
Global
	GlobalSection(SolutionConfigurationPlatforms) = preSolution
		Debug|Any CPU = Debug|Any CPU
		Release|Any CPU = Release|Any CPU
	EndGlobalSection
	GlobalSection(SolutionProperties) = preSolution
		HideSolutionNode = FALSE
	EndGlobalSection
	GlobalSection(ProjectConfigurationPlatforms) = postSolution
		{AEB9BD9B-082C-4F5C-B695-3657E8D73762}.Debug|Any CPU.ActiveCfg = Debug|Any CPU
		{AEB9BD9B-082C-4F5C-B695-3657E8D73762}.Debug|Any CPU.Build.0 = Debug|Any CPU
		{AEB9BD9B-082C-4F5C-B695-3657E8D73762}.Release|Any CPU.ActiveCfg = Release|Any CPU
		{AEB9BD9B-082C-4F5C-B695-3657E8D73762}.Release|Any CPU.Build.0 = Release|Any CPU
		{F8278CA9-E274-4233-B747-7F9C7A1FF775}.Debug|Any CPU.ActiveCfg = Debug|Any CPU
		{F8278CA9-E274-4233-B747-7F9C7A1FF775}.Debug|Any CPU.Build.0 = Debug|Any CPU
		{F8278CA9-E274-4233-B747-7F9C7A1FF775}.Release|Any CPU.ActiveCfg = Release|Any CPU
		{F8278CA9-E274-4233-B747-7F9C7A1FF775}.Release|Any CPU.Build.0 = Release|Any CPU
		{EB73505E-C680-4DA6-B737-F7BC2D829B65}.Debug|Any CPU.ActiveCfg = Debug|Any CPU
		{EB73505E-C680-4DA6-B737-F7BC2D829B65}.Debug|Any CPU.Build.0 = Debug|Any CPU
		{EB73505E-C680-4DA6-B737-F7BC2D829B65}.Release|Any CPU.ActiveCfg = Release|Any CPU
		{EB73505E-C680-4DA6-B737-F7BC2D829B65}.Release|Any CPU.Build.0 = Release|Any CPU
		{C8852652-4DDB-403A-BBC8-CE4603355E8D}.Debug|Any CPU.ActiveCfg = Debug|Any CPU
		{C8852652-4DDB-403A-BBC8-CE4603355E8D}.Debug|Any CPU.Build.0 = Debug|Any CPU
		{C8852652-4DDB-403A-BBC8-CE4603355E8D}.Release|Any CPU.ActiveCfg = Release|Any CPU
		{C8852652-4DDB-403A-BBC8-CE4603355E8D}.Release|Any CPU.Build.0 = Release|Any CPU
	EndGlobalSection
EndGlobal
